
Microsoft Visual Studio Solution File, Format Version 12.00
# Visual Studio Version 16
VisualStudioVersion = 16.0.31105.61
MinimumVisualStudioVersion = 10.0.40219.1
Project("{FAE04EC0-301F-11D3-BF4B-00C04F79EFBC}") = "Model", "..\Model\Model.csproj", "{7F4C5DCD-B9DF-401A-B710-1D7B85B153C0}"
EndProject
Project("{FAE04EC0-301F-11D3-BF4B-00C04F79EFBC}") = "DAL", "..\DAL\DAL.csproj", "{F18B659C-C4AA-4FFE-8AEF-DA2D180FD27A}"
EndProject
Project("{FAE04EC0-301F-11D3-BF4B-00C04F79EFBC}") = "BLL", "..\BLL\BLL.csproj", "{2FDA1008-4283-4E1E-AFA2-E476D8C1C2DC}"
EndProject
Project("{FAE04EC0-301F-11D3-BF4B-00C04F79EFBC}") = "UI", "..\UI\UI.csproj", "{356EB1F2-0EBC-4560-8744-BA7C16E90CB6}"
EndProject
Global
	GlobalSection(SolutionConfigurationPlatforms) = preSolution
		Debug|Any CPU = Debug|Any CPU
		Release|Any CPU = Release|Any CPU
	EndGlobalSection
	GlobalSection(ProjectConfigurationPlatforms) = postSolution
		{7F4C5DCD-B9DF-401A-B710-1D7B85B153C0}.Debug|Any CPU.ActiveCfg = Debug|Any CPU
		{7F4C5DCD-B9DF-401A-B710-1D7B85B153C0}.Debug|Any CPU.Build.0 = Debug|Any CPU
		{7F4C5DCD-B9DF-401A-B710-1D7B85B153C0}.Release|Any CPU.ActiveCfg = Release|Any CPU
		{7F4C5DCD-B9DF-401A-B710-1D7B85B153C0}.Release|Any CPU.Build.0 = Release|Any CPU
		{F18B659C-C4AA-4FFE-8AEF-DA2D180FD27A}.Debug|Any CPU.ActiveCfg = Debug|Any CPU
		{F18B659C-C4AA-4FFE-8AEF-DA2D180FD27A}.Debug|Any CPU.Build.0 = Debug|Any CPU
		{F18B659C-C4AA-4FFE-8AEF-DA2D180FD27A}.Release|Any CPU.ActiveCfg = Release|Any CPU
		{F18B659C-C4AA-4FFE-8AEF-DA2D180FD27A}.Release|Any CPU.Build.0 = Release|Any CPU
		{2FDA1008-4283-4E1E-AFA2-E476D8C1C2DC}.Debug|Any CPU.ActiveCfg = Debug|Any CPU
		{2FDA1008-4283-4E1E-AFA2-E476D8C1C2DC}.Debug|Any CPU.Build.0 = Debug|Any CPU
		{2FDA1008-4283-4E1E-AFA2-E476D8C1C2DC}.Release|Any CPU.ActiveCfg = Release|Any CPU
		{2FDA1008-4283-4E1E-AFA2-E476D8C1C2DC}.Release|Any CPU.Build.0 = Release|Any CPU
		{356EB1F2-0EBC-4560-8744-BA7C16E90CB6}.Debug|Any CPU.ActiveCfg = Debug|Any CPU
		{356EB1F2-0EBC-4560-8744-BA7C16E90CB6}.Debug|Any CPU.Build.0 = Debug|Any CPU
		{356EB1F2-0EBC-4560-8744-BA7C16E90CB6}.Release|Any CPU.ActiveCfg = Release|Any CPU
		{356EB1F2-0EBC-4560-8744-BA7C16E90CB6}.Release|Any CPU.Build.0 = Release|Any CPU
	EndGlobalSection
	GlobalSection(SolutionProperties) = preSolution
		HideSolutionNode = FALSE
	EndGlobalSection
	GlobalSection(ExtensibilityGlobals) = postSolution
		SolutionGuid = {6CC45D0F-1A90-4D56-B370-5D21857E0F2B}
	EndGlobalSection
EndGlobal
